
Microsoft Visual Studio Solution File, Format Version 12.00
# Visual Studio Version 17
VisualStudioVersion = 17.2.32505.173
MinimumVisualStudioVersion = 10.0.40219.1
Project("{2150E333-8FDC-42A3-9474-1A3956D46DE8}") = "Microservices", "Microservices", "{9B721336-33B4-41A4-8C6D-444AC9AC85AB}"
EndProject
Project("{2150E333-8FDC-42A3-9474-1A3956D46DE8}") = "Core", "Core", "{366D6682-6F53-4CF4-9AA4-00255B1C6E2B}"
EndProject
Project("{2150E333-8FDC-42A3-9474-1A3956D46DE8}") = "Clients", "Clients", "{97A325CD-97FB-4596-859B-A0E8BA1973BF}"
EndProject
Project("{2150E333-8FDC-42A3-9474-1A3956D46DE8}") = "CustomerService", "CustomerService", "{03C25A7D-E4CB-48B1-AE5E-B7017740766D}"
EndProject
Project("{9A19103F-16F7-4668-BE54-9A1E7A4F7556}") = "CustomerService.Api", "CustomerService.Api\CustomerService.Api.csproj", "{CA30C980-DD37-4EBF-AC01-F4E0C7340B17}"
EndProject
Project("{9A19103F-16F7-4668-BE54-9A1E7A4F7556}") = "CustomerService.Domain", "CustomerService.Domain\CustomerService.Domain.csproj", "{39166377-4DB8-4421-83CE-CAE9B53F8CB5}"
EndProject
Project("{9A19103F-16F7-4668-BE54-9A1E7A4F7556}") = "Core.Domain", "Core.Domain\Core.Domain.csproj", "{852C091C-E829-4F1B-9558-3547E177F1E1}"
EndProject
Project("{9A19103F-16F7-4668-BE54-9A1E7A4F7556}") = "CustomerService.Infrastructure", "CustomerService.Infrastructure\CustomerService.Infrastructure.csproj", "{5259CB69-798C-4E20-87B4-D7325B40BA8C}"
EndProject
Project("{9A19103F-16F7-4668-BE54-9A1E7A4F7556}") = "Core.Intrastructure", "Core.Intrastructure\Core.Intrastructure.csproj", "{52C6B663-7325-4EC3-A2A3-FB8DCA6F0A49}"
EndProject
Project("{2150E333-8FDC-42A3-9474-1A3956D46DE8}") = "ProductService", "ProductService", "{4FFFC8FD-0F1C-4144-9997-076BE03BEC4A}"
EndProject
Project("{9A19103F-16F7-4668-BE54-9A1E7A4F7556}") = "ProductService.Api", "ProductService.Api\ProductService.Api.csproj", "{8AE36BC9-180D-4D1F-AB54-F5F3C6924DDB}"
EndProject
Project("{9A19103F-16F7-4668-BE54-9A1E7A4F7556}") = "ProductService.Domain", "ProductService.Domain\ProductService.Domain.csproj", "{CD1551C8-542E-44E6-A79D-3FA290A81BE9}"
EndProject
Project("{9A19103F-16F7-4668-BE54-9A1E7A4F7556}") = "ProductService.Infrastructure", "ProductService.Infrastructure\ProductService.Infrastructure.csproj", "{65675CCA-9C18-4001-801C-0780C41E51AB}"
EndProject
Project("{2150E333-8FDC-42A3-9474-1A3956D46DE8}") = "PaymentService", "PaymentService", "{9B563666-F2E8-4A87-8A2C-D784AFBF5298}"
EndProject
Project("{9A19103F-16F7-4668-BE54-9A1E7A4F7556}") = "PaymentService.Domain", "PaymentService.Domain\PaymentService.Domain.csproj", "{54DB2159-7A2E-4653-B24D-EFABE2800524}"
EndProject
Project("{9A19103F-16F7-4668-BE54-9A1E7A4F7556}") = "PaymentService.Infrastructure", "PaymentService.Infrastructure\PaymentService.Infrastructure.csproj", "{C7627715-5471-487B-B196-B0559D4F2E54}"
EndProject
Project("{9A19103F-16F7-4668-BE54-9A1E7A4F7556}") = "PaymentService.Api", "PaymentService.Api\PaymentService.Api.csproj", "{7ED9FF41-1C6A-46F3-BF00-793C31C3EC7E}"
EndProject
Project("{9A19103F-16F7-4668-BE54-9A1E7A4F7556}") = "ConsoleClient", "ConsoleClient\ConsoleClient.csproj", "{89AF3429-E594-4E09-9D04-0D9DC94F978F}"
EndProject
Project("{2150E333-8FDC-42A3-9474-1A3956D46DE8}") = "OCRService", "OCRService", "{267BFE41-18E2-4CCB-841F-C3DDB213F752}"
EndProject
Project("{9A19103F-16F7-4668-BE54-9A1E7A4F7556}") = "OCRService.Api", "OCRService.Api\OCRService.Api.csproj", "{7A90AE0F-C2A0-4298-9F1C-6BF6C0FD5094}"
EndProject
Project("{2150E333-8FDC-42A3-9474-1A3956D46DE8}") = "TrackingService", "TrackingService", "{DB1975CD-5E68-497B-B398-7E13F58611B8}"
EndProject
Project("{9A19103F-16F7-4668-BE54-9A1E7A4F7556}") = "TrackingService.Domain", "TrackingService.Domain\TrackingService.Domain.csproj", "{F39363C0-1722-4639-8815-94CA1C838E0D}"
EndProject
Project("{9A19103F-16F7-4668-BE54-9A1E7A4F7556}") = "TrackingService.Api", "TrackingService.Api\TrackingService.Api.csproj", "{E6743D17-BA9A-40E0-AA51-474DBAF3C3C2}"
EndProject
Project("{9A19103F-16F7-4668-BE54-9A1E7A4F7556}") = "SignalRConsoleSender", "SignalRConsoleSender\SignalRConsoleSender.csproj", "{27C0B433-A1AF-4315-8411-FE62B7FFA3E1}"
EndProject
Project("{9A19103F-16F7-4668-BE54-9A1E7A4F7556}") = "SignalRConsoleReceiver", "SignalRConsoleReceiver\SignalRConsoleReceiver.csproj", "{33B62E3F-AF02-418F-8D4B-C47E89C50A02}"
EndProject
Project("{2150E333-8FDC-42A3-9474-1A3956D46DE8}") = "WarehouseService", "WarehouseService", "{048F2D6B-6097-4067-BF6D-FF89D7A97ADD}"
EndProject
Project("{9A19103F-16F7-4668-BE54-9A1E7A4F7556}") = "WarehouseService.Api", "WarehouseService.Api\WarehouseService.Api.csproj", "{BAEF3C55-1B28-4547-974E-07EA32CDC1BD}"
EndProject
Project("{9A19103F-16F7-4668-BE54-9A1E7A4F7556}") = "gRPCConsoleClient", "gRPCConsoleClient\gRPCConsoleClient.csproj", "{40035EB6-F574-46F0-90DC-230BBBB6F948}"
EndProject
Project("{2150E333-8FDC-42A3-9474-1A3956D46DE8}") = "DeliveryService", "DeliveryService", "{4696F7E9-827A-4704-9514-C7DB45B6EB24}"
EndProject
Project("{9A19103F-16F7-4668-BE54-9A1E7A4F7556}") = "DeliveryService.Api", "DeliveryService.Api\DeliveryService.Api.csproj", "{D54BD706-3CE8-4F98-9390-FC5C49E240C6}"
EndProject
Project("{9A19103F-16F7-4668-BE54-9A1E7A4F7556}") = "DeliveryService.Contracts", "DeliveryService.Contracts\DeliveryService.Contracts.csproj", "{8A89EB3D-749E-413A-A1A4-966704D1B0B8}"
EndProject
Project("{9A19103F-16F7-4668-BE54-9A1E7A4F7556}") = "gRPCCodeFirstConsoleClient", "gRPCCodeFirstConsoleClient\gRPCCodeFirstConsoleClient.csproj", "{8164B0DE-AA94-4563-B3EA-F72FC169D7BA}"
EndProject
Project("{2150E333-8FDC-42A3-9474-1A3956D46DE8}") = "InvoiceService", "InvoiceService", "{73105948-3964-47EF-9221-8A52EEE733B7}"
EndProject
Project("{9A19103F-16F7-4668-BE54-9A1E7A4F7556}") = "InvoiceService.Domain", "InvoiceService.Domain\InvoiceService.Domain.csproj", "{43A79B25-0BE4-4AC4-8A0D-B96E2E8D8818}"
EndProject
Project("{9A19103F-16F7-4668-BE54-9A1E7A4F7556}") = "InvoiceService.Infrastructure", "InvoiceService.Infrastructure\InvoiceService.Infrastructure.csproj", "{C1E044AE-BE25-40CF-8128-82DD2D2E6C00}"
EndProject
Project("{9A19103F-16F7-4668-BE54-9A1E7A4F7556}") = "InvoiceService.Api", "InvoiceService.Api\InvoiceService.Api.csproj", "{A41CD1B7-0784-4485-AA4B-D59939800886}"
EndProject
Project("{2150E333-8FDC-42A3-9474-1A3956D46DE8}") = "AuthService", "AuthService", "{67FBCDAB-EB9E-4F0D-AED6-212AFCCF9B93}"
EndProject
Project("{FAE04EC0-301F-11D3-BF4B-00C04F79EFBC}") = "AuthService.Api", "AuthService.Api\AuthService.Api.csproj", "{1F65E7CD-C5CF-4CD5-9A9C-32C5B8B1102D}"
EndProject
Project("{FAE04EC0-301F-11D3-BF4B-00C04F79EFBC}") = "AuthService.Domain", "AuthService.Domain\AuthService.Domain.csproj", "{22764AC2-0A24-4B34-82EE-E604A83C4557}"
EndProject
Project("{FAE04EC0-301F-11D3-BF4B-00C04F79EFBC}") = "AuthService.Infrastructure", "AuthService.Infrastructure\AuthService.Infrastructure.csproj", "{C9C83972-2E3F-4509-AD58-884E2BCAA1A6}"
EndProject
Project("{2150E333-8FDC-42A3-9474-1A3956D46DE8}") = "DriverService", "DriverService", "{7828462D-7DAE-4AF9-B598-52DE50BDAD9F}"
EndProject
Project("{FAE04EC0-301F-11D3-BF4B-00C04F79EFBC}") = "DriverService.Api", "DriverService.Api\DriverService.Api.csproj", "{8E1506EE-3C2A-4A55-A2CB-8C27026EFDD4}"
EndProject
Global
	GlobalSection(SolutionConfigurationPlatforms) = preSolution
		Debug|Any CPU = Debug|Any CPU
		Release|Any CPU = Release|Any CPU
	EndGlobalSection
	GlobalSection(ProjectConfigurationPlatforms) = postSolution
		{CA30C980-DD37-4EBF-AC01-F4E0C7340B17}.Debug|Any CPU.ActiveCfg = Debug|Any CPU
		{CA30C980-DD37-4EBF-AC01-F4E0C7340B17}.Debug|Any CPU.Build.0 = Debug|Any CPU
		{CA30C980-DD37-4EBF-AC01-F4E0C7340B17}.Release|Any CPU.ActiveCfg = Release|Any CPU
		{CA30C980-DD37-4EBF-AC01-F4E0C7340B17}.Release|Any CPU.Build.0 = Release|Any CPU
		{39166377-4DB8-4421-83CE-CAE9B53F8CB5}.Debug|Any CPU.ActiveCfg = Debug|Any CPU
		{39166377-4DB8-4421-83CE-CAE9B53F8CB5}.Debug|Any CPU.Build.0 = Debug|Any CPU
		{39166377-4DB8-4421-83CE-CAE9B53F8CB5}.Release|Any CPU.ActiveCfg = Release|Any CPU
		{39166377-4DB8-4421-83CE-CAE9B53F8CB5}.Release|Any CPU.Build.0 = Release|Any CPU
		{852C091C-E829-4F1B-9558-3547E177F1E1}.Debug|Any CPU.ActiveCfg = Debug|Any CPU
		{852C091C-E829-4F1B-9558-3547E177F1E1}.Debug|Any CPU.Build.0 = Debug|Any CPU
		{852C091C-E829-4F1B-9558-3547E177F1E1}.Release|Any CPU.ActiveCfg = Release|Any CPU
		{852C091C-E829-4F1B-9558-3547E177F1E1}.Release|Any CPU.Build.0 = Release|Any CPU
		{5259CB69-798C-4E20-87B4-D7325B40BA8C}.Debug|Any CPU.ActiveCfg = Debug|Any CPU
		{5259CB69-798C-4E20-87B4-D7325B40BA8C}.Debug|Any CPU.Build.0 = Debug|Any CPU
		{5259CB69-798C-4E20-87B4-D7325B40BA8C}.Release|Any CPU.ActiveCfg = Release|Any CPU
		{5259CB69-798C-4E20-87B4-D7325B40BA8C}.Release|Any CPU.Build.0 = Release|Any CPU
		{52C6B663-7325-4EC3-A2A3-FB8DCA6F0A49}.Debug|Any CPU.ActiveCfg = Debug|Any CPU
		{52C6B663-7325-4EC3-A2A3-FB8DCA6F0A49}.Debug|Any CPU.Build.0 = Debug|Any CPU
		{52C6B663-7325-4EC3-A2A3-FB8DCA6F0A49}.Release|Any CPU.ActiveCfg = Release|Any CPU
		{52C6B663-7325-4EC3-A2A3-FB8DCA6F0A49}.Release|Any CPU.Build.0 = Release|Any CPU
		{8AE36BC9-180D-4D1F-AB54-F5F3C6924DDB}.Debug|Any CPU.ActiveCfg = Debug|Any CPU
		{8AE36BC9-180D-4D1F-AB54-F5F3C6924DDB}.Debug|Any CPU.Build.0 = Debug|Any CPU
		{8AE36BC9-180D-4D1F-AB54-F5F3C6924DDB}.Release|Any CPU.ActiveCfg = Release|Any CPU
		{8AE36BC9-180D-4D1F-AB54-F5F3C6924DDB}.Release|Any CPU.Build.0 = Release|Any CPU
		{CD1551C8-542E-44E6-A79D-3FA290A81BE9}.Debug|Any CPU.ActiveCfg = Debug|Any CPU
		{CD1551C8-542E-44E6-A79D-3FA290A81BE9}.Debug|Any CPU.Build.0 = Debug|Any CPU
		{CD1551C8-542E-44E6-A79D-3FA290A81BE9}.Release|Any CPU.ActiveCfg = Release|Any CPU
		{CD1551C8-542E-44E6-A79D-3FA290A81BE9}.Release|Any CPU.Build.0 = Release|Any CPU
		{65675CCA-9C18-4001-801C-0780C41E51AB}.Debug|Any CPU.ActiveCfg = Debug|Any CPU
		{65675CCA-9C18-4001-801C-0780C41E51AB}.Debug|Any CPU.Build.0 = Debug|Any CPU
		{65675CCA-9C18-4001-801C-0780C41E51AB}.Release|Any CPU.ActiveCfg = Release|Any CPU
		{65675CCA-9C18-4001-801C-0780C41E51AB}.Release|Any CPU.Build.0 = Release|Any CPU
		{54DB2159-7A2E-4653-B24D-EFABE2800524}.Debug|Any CPU.ActiveCfg = Debug|Any CPU
		{54DB2159-7A2E-4653-B24D-EFABE2800524}.Debug|Any CPU.Build.0 = Debug|Any CPU
		{54DB2159-7A2E-4653-B24D-EFABE2800524}.Release|Any CPU.ActiveCfg = Release|Any CPU
		{54DB2159-7A2E-4653-B24D-EFABE2800524}.Release|Any CPU.Build.0 = Release|Any CPU
		{C7627715-5471-487B-B196-B0559D4F2E54}.Debug|Any CPU.ActiveCfg = Debug|Any CPU
		{C7627715-5471-487B-B196-B0559D4F2E54}.Debug|Any CPU.Build.0 = Debug|Any CPU
		{C7627715-5471-487B-B196-B0559D4F2E54}.Release|Any CPU.ActiveCfg = Release|Any CPU
		{C7627715-5471-487B-B196-B0559D4F2E54}.Release|Any CPU.Build.0 = Release|Any CPU
		{7ED9FF41-1C6A-46F3-BF00-793C31C3EC7E}.Debug|Any CPU.ActiveCfg = Debug|Any CPU
		{7ED9FF41-1C6A-46F3-BF00-793C31C3EC7E}.Debug|Any CPU.Build.0 = Debug|Any CPU
		{7ED9FF41-1C6A-46F3-BF00-793C31C3EC7E}.Release|Any CPU.ActiveCfg = Release|Any CPU
		{7ED9FF41-1C6A-46F3-BF00-793C31C3EC7E}.Release|Any CPU.Build.0 = Release|Any CPU
		{89AF3429-E594-4E09-9D04-0D9DC94F978F}.Debug|Any CPU.ActiveCfg = Debug|Any CPU
		{89AF3429-E594-4E09-9D04-0D9DC94F978F}.Debug|Any CPU.Build.0 = Debug|Any CPU
		{89AF3429-E594-4E09-9D04-0D9DC94F978F}.Release|Any CPU.ActiveCfg = Release|Any CPU
		{89AF3429-E594-4E09-9D04-0D9DC94F978F}.Release|Any CPU.Build.0 = Release|Any CPU
		{7A90AE0F-C2A0-4298-9F1C-6BF6C0FD5094}.Debug|Any CPU.ActiveCfg = Debug|Any CPU
		{7A90AE0F-C2A0-4298-9F1C-6BF6C0FD5094}.Debug|Any CPU.Build.0 = Debug|Any CPU
		{7A90AE0F-C2A0-4298-9F1C-6BF6C0FD5094}.Release|Any CPU.ActiveCfg = Release|Any CPU
		{7A90AE0F-C2A0-4298-9F1C-6BF6C0FD5094}.Release|Any CPU.Build.0 = Release|Any CPU
		{F39363C0-1722-4639-8815-94CA1C838E0D}.Debug|Any CPU.ActiveCfg = Debug|Any CPU
		{F39363C0-1722-4639-8815-94CA1C838E0D}.Debug|Any CPU.Build.0 = Debug|Any CPU
		{F39363C0-1722-4639-8815-94CA1C838E0D}.Release|Any CPU.ActiveCfg = Release|Any CPU
		{F39363C0-1722-4639-8815-94CA1C838E0D}.Release|Any CPU.Build.0 = Release|Any CPU
		{E6743D17-BA9A-40E0-AA51-474DBAF3C3C2}.Debug|Any CPU.ActiveCfg = Debug|Any CPU
		{E6743D17-BA9A-40E0-AA51-474DBAF3C3C2}.Debug|Any CPU.Build.0 = Debug|Any CPU
		{E6743D17-BA9A-40E0-AA51-474DBAF3C3C2}.Release|Any CPU.ActiveCfg = Release|Any CPU
		{E6743D17-BA9A-40E0-AA51-474DBAF3C3C2}.Release|Any CPU.Build.0 = Release|Any CPU
		{27C0B433-A1AF-4315-8411-FE62B7FFA3E1}.Debug|Any CPU.ActiveCfg = Debug|Any CPU
		{27C0B433-A1AF-4315-8411-FE62B7FFA3E1}.Debug|Any CPU.Build.0 = Debug|Any CPU
		{27C0B433-A1AF-4315-8411-FE62B7FFA3E1}.Release|Any CPU.ActiveCfg = Release|Any CPU
		{27C0B433-A1AF-4315-8411-FE62B7FFA3E1}.Release|Any CPU.Build.0 = Release|Any CPU
		{33B62E3F-AF02-418F-8D4B-C47E89C50A02}.Debug|Any CPU.ActiveCfg = Debug|Any CPU
		{33B62E3F-AF02-418F-8D4B-C47E89C50A02}.Debug|Any CPU.Build.0 = Debug|Any CPU
		{33B62E3F-AF02-418F-8D4B-C47E89C50A02}.Release|Any CPU.ActiveCfg = Release|Any CPU
		{33B62E3F-AF02-418F-8D4B-C47E89C50A02}.Release|Any CPU.Build.0 = Release|Any CPU
		{BAEF3C55-1B28-4547-974E-07EA32CDC1BD}.Debug|Any CPU.ActiveCfg = Debug|Any CPU
		{BAEF3C55-1B28-4547-974E-07EA32CDC1BD}.Debug|Any CPU.Build.0 = Debug|Any CPU
		{BAEF3C55-1B28-4547-974E-07EA32CDC1BD}.Release|Any CPU.ActiveCfg = Release|Any CPU
		{BAEF3C55-1B28-4547-974E-07EA32CDC1BD}.Release|Any CPU.Build.0 = Release|Any CPU
		{40035EB6-F574-46F0-90DC-230BBBB6F948}.Debug|Any CPU.ActiveCfg = Debug|Any CPU
		{40035EB6-F574-46F0-90DC-230BBBB6F948}.Debug|Any CPU.Build.0 = Debug|Any CPU
		{40035EB6-F574-46F0-90DC-230BBBB6F948}.Release|Any CPU.ActiveCfg = Release|Any CPU
		{40035EB6-F574-46F0-90DC-230BBBB6F948}.Release|Any CPU.Build.0 = Release|Any CPU
		{D54BD706-3CE8-4F98-9390-FC5C49E240C6}.Debug|Any CPU.ActiveCfg = Debug|Any CPU
		{D54BD706-3CE8-4F98-9390-FC5C49E240C6}.Debug|Any CPU.Build.0 = Debug|Any CPU
		{D54BD706-3CE8-4F98-9390-FC5C49E240C6}.Release|Any CPU.ActiveCfg = Release|Any CPU
		{D54BD706-3CE8-4F98-9390-FC5C49E240C6}.Release|Any CPU.Build.0 = Release|Any CPU
		{8A89EB3D-749E-413A-A1A4-966704D1B0B8}.Debug|Any CPU.ActiveCfg = Debug|Any CPU
		{8A89EB3D-749E-413A-A1A4-966704D1B0B8}.Debug|Any CPU.Build.0 = Debug|Any CPU
		{8A89EB3D-749E-413A-A1A4-966704D1B0B8}.Release|Any CPU.ActiveCfg = Release|Any CPU
		{8A89EB3D-749E-413A-A1A4-966704D1B0B8}.Release|Any CPU.Build.0 = Release|Any CPU
		{8164B0DE-AA94-4563-B3EA-F72FC169D7BA}.Debug|Any CPU.ActiveCfg = Debug|Any CPU
		{8164B0DE-AA94-4563-B3EA-F72FC169D7BA}.Debug|Any CPU.Build.0 = Debug|Any CPU
		{8164B0DE-AA94-4563-B3EA-F72FC169D7BA}.Release|Any CPU.ActiveCfg = Release|Any CPU
		{8164B0DE-AA94-4563-B3EA-F72FC169D7BA}.Release|Any CPU.Build.0 = Release|Any CPU
		{43A79B25-0BE4-4AC4-8A0D-B96E2E8D8818}.Debug|Any CPU.ActiveCfg = Debug|Any CPU
		{43A79B25-0BE4-4AC4-8A0D-B96E2E8D8818}.Debug|Any CPU.Build.0 = Debug|Any CPU
		{43A79B25-0BE4-4AC4-8A0D-B96E2E8D8818}.Release|Any CPU.ActiveCfg = Release|Any CPU
		{43A79B25-0BE4-4AC4-8A0D-B96E2E8D8818}.Release|Any CPU.Build.0 = Release|Any CPU
		{C1E044AE-BE25-40CF-8128-82DD2D2E6C00}.Debug|Any CPU.ActiveCfg = Debug|Any CPU
		{C1E044AE-BE25-40CF-8128-82DD2D2E6C00}.Debug|Any CPU.Build.0 = Debug|Any CPU
		{C1E044AE-BE25-40CF-8128-82DD2D2E6C00}.Release|Any CPU.ActiveCfg = Release|Any CPU
		{C1E044AE-BE25-40CF-8128-82DD2D2E6C00}.Release|Any CPU.Build.0 = Release|Any CPU
		{A41CD1B7-0784-4485-AA4B-D59939800886}.Debug|Any CPU.ActiveCfg = Debug|Any CPU
		{A41CD1B7-0784-4485-AA4B-D59939800886}.Debug|Any CPU.Build.0 = Debug|Any CPU
		{A41CD1B7-0784-4485-AA4B-D59939800886}.Release|Any CPU.ActiveCfg = Release|Any CPU
		{A41CD1B7-0784-4485-AA4B-D59939800886}.Release|Any CPU.Build.0 = Release|Any CPU
		{1F65E7CD-C5CF-4CD5-9A9C-32C5B8B1102D}.Debug|Any CPU.ActiveCfg = Debug|Any CPU
		{1F65E7CD-C5CF-4CD5-9A9C-32C5B8B1102D}.Debug|Any CPU.Build.0 = Debug|Any CPU
		{1F65E7CD-C5CF-4CD5-9A9C-32C5B8B1102D}.Release|Any CPU.ActiveCfg = Release|Any CPU
		{1F65E7CD-C5CF-4CD5-9A9C-32C5B8B1102D}.Release|Any CPU.Build.0 = Release|Any CPU
		{22764AC2-0A24-4B34-82EE-E604A83C4557}.Debug|Any CPU.ActiveCfg = Debug|Any CPU
		{22764AC2-0A24-4B34-82EE-E604A83C4557}.Debug|Any CPU.Build.0 = Debug|Any CPU
		{22764AC2-0A24-4B34-82EE-E604A83C4557}.Release|Any CPU.ActiveCfg = Release|Any CPU
		{22764AC2-0A24-4B34-82EE-E604A83C4557}.Release|Any CPU.Build.0 = Release|Any CPU
		{C9C83972-2E3F-4509-AD58-884E2BCAA1A6}.Debug|Any CPU.ActiveCfg = Debug|Any CPU
		{C9C83972-2E3F-4509-AD58-884E2BCAA1A6}.Debug|Any CPU.Build.0 = Debug|Any CPU
		{C9C83972-2E3F-4509-AD58-884E2BCAA1A6}.Release|Any CPU.ActiveCfg = Release|Any CPU
		{C9C83972-2E3F-4509-AD58-884E2BCAA1A6}.Release|Any CPU.Build.0 = Release|Any CPU
		{8E1506EE-3C2A-4A55-A2CB-8C27026EFDD4}.Debug|Any CPU.ActiveCfg = Debug|Any CPU
		{8E1506EE-3C2A-4A55-A2CB-8C27026EFDD4}.Debug|Any CPU.Build.0 = Debug|Any CPU
		{8E1506EE-3C2A-4A55-A2CB-8C27026EFDD4}.Release|Any CPU.ActiveCfg = Release|Any CPU
		{8E1506EE-3C2A-4A55-A2CB-8C27026EFDD4}.Release|Any CPU.Build.0 = Release|Any CPU
	EndGlobalSection
	GlobalSection(SolutionProperties) = preSolution
		HideSolutionNode = FALSE
	EndGlobalSection
	GlobalSection(NestedProjects) = preSolution
		{03C25A7D-E4CB-48B1-AE5E-B7017740766D} = {9B721336-33B4-41A4-8C6D-444AC9AC85AB}
		{CA30C980-DD37-4EBF-AC01-F4E0C7340B17} = {03C25A7D-E4CB-48B1-AE5E-B7017740766D}
		{39166377-4DB8-4421-83CE-CAE9B53F8CB5} = {03C25A7D-E4CB-48B1-AE5E-B7017740766D}
		{852C091C-E829-4F1B-9558-3547E177F1E1} = {366D6682-6F53-4CF4-9AA4-00255B1C6E2B}
		{5259CB69-798C-4E20-87B4-D7325B40BA8C} = {03C25A7D-E4CB-48B1-AE5E-B7017740766D}
		{52C6B663-7325-4EC3-A2A3-FB8DCA6F0A49} = {366D6682-6F53-4CF4-9AA4-00255B1C6E2B}
		{4FFFC8FD-0F1C-4144-9997-076BE03BEC4A} = {9B721336-33B4-41A4-8C6D-444AC9AC85AB}
		{8AE36BC9-180D-4D1F-AB54-F5F3C6924DDB} = {4FFFC8FD-0F1C-4144-9997-076BE03BEC4A}
		{CD1551C8-542E-44E6-A79D-3FA290A81BE9} = {4FFFC8FD-0F1C-4144-9997-076BE03BEC4A}
		{65675CCA-9C18-4001-801C-0780C41E51AB} = {4FFFC8FD-0F1C-4144-9997-076BE03BEC4A}
		{9B563666-F2E8-4A87-8A2C-D784AFBF5298} = {9B721336-33B4-41A4-8C6D-444AC9AC85AB}
		{54DB2159-7A2E-4653-B24D-EFABE2800524} = {9B563666-F2E8-4A87-8A2C-D784AFBF5298}
		{C7627715-5471-487B-B196-B0559D4F2E54} = {9B563666-F2E8-4A87-8A2C-D784AFBF5298}
		{7ED9FF41-1C6A-46F3-BF00-793C31C3EC7E} = {9B563666-F2E8-4A87-8A2C-D784AFBF5298}
		{89AF3429-E594-4E09-9D04-0D9DC94F978F} = {97A325CD-97FB-4596-859B-A0E8BA1973BF}
		{267BFE41-18E2-4CCB-841F-C3DDB213F752} = {9B721336-33B4-41A4-8C6D-444AC9AC85AB}
		{7A90AE0F-C2A0-4298-9F1C-6BF6C0FD5094} = {267BFE41-18E2-4CCB-841F-C3DDB213F752}
		{DB1975CD-5E68-497B-B398-7E13F58611B8} = {9B721336-33B4-41A4-8C6D-444AC9AC85AB}
		{F39363C0-1722-4639-8815-94CA1C838E0D} = {DB1975CD-5E68-497B-B398-7E13F58611B8}
		{E6743D17-BA9A-40E0-AA51-474DBAF3C3C2} = {DB1975CD-5E68-497B-B398-7E13F58611B8}
		{27C0B433-A1AF-4315-8411-FE62B7FFA3E1} = {97A325CD-97FB-4596-859B-A0E8BA1973BF}
		{33B62E3F-AF02-418F-8D4B-C47E89C50A02} = {97A325CD-97FB-4596-859B-A0E8BA1973BF}
		{048F2D6B-6097-4067-BF6D-FF89D7A97ADD} = {9B721336-33B4-41A4-8C6D-444AC9AC85AB}
		{BAEF3C55-1B28-4547-974E-07EA32CDC1BD} = {048F2D6B-6097-4067-BF6D-FF89D7A97ADD}
		{40035EB6-F574-46F0-90DC-230BBBB6F948} = {97A325CD-97FB-4596-859B-A0E8BA1973BF}
		{4696F7E9-827A-4704-9514-C7DB45B6EB24} = {9B721336-33B4-41A4-8C6D-444AC9AC85AB}
		{D54BD706-3CE8-4F98-9390-FC5C49E240C6} = {4696F7E9-827A-4704-9514-C7DB45B6EB24}
		{8A89EB3D-749E-413A-A1A4-966704D1B0B8} = {4696F7E9-827A-4704-9514-C7DB45B6EB24}
		{8164B0DE-AA94-4563-B3EA-F72FC169D7BA} = {97A325CD-97FB-4596-859B-A0E8BA1973BF}
		{73105948-3964-47EF-9221-8A52EEE733B7} = {9B721336-33B4-41A4-8C6D-444AC9AC85AB}
		{43A79B25-0BE4-4AC4-8A0D-B96E2E8D8818} = {73105948-3964-47EF-9221-8A52EEE733B7}
		{C1E044AE-BE25-40CF-8128-82DD2D2E6C00} = {73105948-3964-47EF-9221-8A52EEE733B7}
		{A41CD1B7-0784-4485-AA4B-D59939800886} = {73105948-3964-47EF-9221-8A52EEE733B7}
		{67FBCDAB-EB9E-4F0D-AED6-212AFCCF9B93} = {9B721336-33B4-41A4-8C6D-444AC9AC85AB}
		{1F65E7CD-C5CF-4CD5-9A9C-32C5B8B1102D} = {67FBCDAB-EB9E-4F0D-AED6-212AFCCF9B93}
		{22764AC2-0A24-4B34-82EE-E604A83C4557} = {67FBCDAB-EB9E-4F0D-AED6-212AFCCF9B93}
		{C9C83972-2E3F-4509-AD58-884E2BCAA1A6} = {67FBCDAB-EB9E-4F0D-AED6-212AFCCF9B93}
		{7828462D-7DAE-4AF9-B598-52DE50BDAD9F} = {9B721336-33B4-41A4-8C6D-444AC9AC85AB}
		{8E1506EE-3C2A-4A55-A2CB-8C27026EFDD4} = {7828462D-7DAE-4AF9-B598-52DE50BDAD9F}
	EndGlobalSection
	GlobalSection(ExtensibilityGlobals) = postSolution
		SolutionGuid = {70D87B49-DF67-4324-8A4A-E8E101724080}
	EndGlobalSection
EndGlobal
